
Microsoft Visual Studio Solution File, Format Version 12.00
# Visual Studio Version 16
VisualStudioVersion = 16.0.30011.22
MinimumVisualStudioVersion = 10.0.40219.1
Project("{FAE04EC0-301F-11D3-BF4B-00C04F79EFBC}") = "Dynamo", "Dynamo\Dynamo.csproj", "{E1C306A1-AA16-4225-A6F2-0CB2F4F44494}"
EndProject
Global
	GlobalSection(SolutionConfigurationPlatforms) = preSolution
		Debug|Any CPU = Debug|Any CPU
		Debug|x64 = Debug|x64
		Release|Any CPU = Release|Any CPU
		Release|x64 = Release|x64
	EndGlobalSection
	GlobalSection(ProjectConfigurationPlatforms) = postSolution
		{E1C306A1-AA16-4225-A6F2-0CB2F4F44494}.Debug|Any CPU.ActiveCfg = Debug|Any CPU
		{E1C306A1-AA16-4225-A6F2-0CB2F4F44494}.Debug|Any CPU.Build.0 = Debug|Any CPU
		{E1C306A1-AA16-4225-A6F2-0CB2F4F44494}.Debug|x64.ActiveCfg = Debug|Any CPU
		{E1C306A1-AA16-4225-A6F2-0CB2F4F44494}.Debug|x64.Build.0 = Debug|Any CPU
		{E1C306A1-AA16-4225-A6F2-0CB2F4F44494}.Release|Any CPU.ActiveCfg = Release|Any CPU
		{E1C306A1-AA16-4225-A6F2-0CB2F4F44494}.Release|Any CPU.Build.0 = Release|Any CPU
		{E1C306A1-AA16-4225-A6F2-0CB2F4F44494}.Release|x64.ActiveCfg = Release|x64
		{E1C306A1-AA16-4225-A6F2-0CB2F4F44494}.Release|x64.Build.0 = Release|x64
	EndGlobalSection
	GlobalSection(SolutionProperties) = preSolution
		HideSolutionNode = FALSE
	EndGlobalSection
	GlobalSection(ExtensibilityGlobals) = postSolution
		SolutionGuid = {B625984F-E7BF-47A1-B941-ABB716D7D00C}
	EndGlobalSection
EndGlobal
